// !$*UTF8*$!
{
	archiveVersion = 1;
	classes = {
	};
	objectVersion = 46;
	objects = {

/* Begin PBXBuildFile section */
		140D772A2D5E0DAFD94FC891 /* manifest.json in Resources */ = {isa = PBXBuildFile; fileRef = 9BEB83DB15634EF8B5C64409 /* manifest.json */; };
		15A04B3040653C2DC3619ECD /* PartwiseSqueezeformerFP32.mlpackage in Sources */ = {isa = PBXBuildFile; fileRef = 0500284B145312D2CA6C055B /* PartwiseSqueezeformerFP32.mlpackage */; };
		38121BB65F2BCA6D305ADA43 /* Foundation.framework in Frameworks */ = {isa = PBXBuildFile; fileRef = 235FDDA4D230902D28D856EB /* Foundation.framework */; };
		473F6F0C5AE40261CB3685D3 /* FlatSqueezeformerFP32.mlpackage in Sources */ = {isa = PBXBuildFile; fileRef = 2CCF287E7B87C808BFB52E0A /* FlatSqueezeformerFP32.mlpackage */; };
		5348BB682659F3E1941E1667 /* App.swift in Sources */ = {isa = PBXBuildFile; fileRef = 422EE1093CAA44241CFD4F01 /* App.swift */; };
		797B28934B03D5D667730E77 /* FlatSqueezeformerFP16.mlpackage in Sources */ = {isa = PBXBuildFile; fileRef = 87FCDBF960E4CA2F911B2DFA /* FlatSqueezeformerFP16.mlpackage */; };
		997BE6D984A82DE7A0CEDD21 /* Foundation.framework in Frameworks */ = {isa = PBXBuildFile; fileRef = 235FDDA4D230902D28D856EB /* Foundation.framework */; };
		AB4E4C8A390D550EED8F9480 /* BenchTests.swift in Sources */ = {isa = PBXBuildFile; fileRef = 6317C73B604BBC0D1D4297ED /* BenchTests.swift */; };
		D091F0C446E1DE0054B81438 /* TransformerFP16.mlpackage in Sources */ = {isa = PBXBuildFile; fileRef = 43F8FAC5F93F54C8C707EDAA /* TransformerFP16.mlpackage */; };
		DF85E0BF5E88FA7ADC1A07AC /* PartwiseSqueezeformerFP16.mlpackage in Sources */ = {isa = PBXBuildFile; fileRef = 2AA28B238AA4A77CE991DE82 /* PartwiseSqueezeformerFP16.mlpackage */; };
		E949DD1F7F82E22A3136FC4D /* TransformerFP32.mlpackage in Sources */ = {isa = PBXBuildFile; fileRef = 28E638A054404B170DD4DA13 /* TransformerFP32.mlpackage */; };
		E9FF1CB86B1CBA45890041EA /* features.bin in Resources */ = {isa = PBXBuildFile; fileRef = 2F76B12ED27458CAA240D77A /* features.bin */; };
/* End PBXBuildFile section */

/* Begin PBXContainerItemProxy section */
		F3942DB1133415EAB20967C6 /* PBXContainerItemProxy */ = {
			isa = PBXContainerItemProxy;
			containerPortal = 5FF6BEACDBEACAC4C6CF064D /* Project object */;
			proxyType = 1;
			remoteGlobalIDString = 7C995C43AACFA77D62087941;
			remoteInfo = ClassifierBench;
		};
/* End PBXContainerItemProxy section */

/* Begin PBXFileReference section */
		0500284B145312D2CA6C055B /* PartwiseSqueezeformerFP32.mlpackage */ = {isa = PBXFileReference; includeInIndex = 1; name = PartwiseSqueezeformerFP32.mlpackage; path = Resources/PartwiseSqueezeformerFP32.mlpackage; sourceTree = "<group>"; };
		140769FE08FEDC904667CC25 /* ClassifierBench.app */ = {isa = PBXFileReference; explicitFileType = wrapper.application; includeInIndex = 0; path = ClassifierBench.app; sourceTree = BUILT_PRODUCTS_DIR; };
		235FDDA4D230902D28D856EB /* Foundation.framework */ = {isa = PBXFileReference; lastKnownFileType = wrapper.framework; name = Foundation.framework; path = Platforms/iPhoneOS.platform/Developer/SDKs/iPhoneOS18.0.sdk/System/Library/Frameworks/Foundation.framework; sourceTree = DEVELOPER_DIR; };
		28E638A054404B170DD4DA13 /* TransformerFP32.mlpackage */ = {isa = PBXFileReference; includeInIndex = 1; name = TransformerFP32.mlpackage; path = Resources/TransformerFP32.mlpackage; sourceTree = "<group>"; };
		2AA28B238AA4A77CE991DE82 /* PartwiseSqueezeformerFP16.mlpackage */ = {isa = PBXFileReference; includeInIndex = 1; name = PartwiseSqueezeformerFP16.mlpackage; path = Resources/PartwiseSqueezeformerFP16.mlpackage; sourceTree = "<group>"; };
		2CCF287E7B87C808BFB52E0A /* FlatSqueezeformerFP32.mlpackage */ = {isa = PBXFileReference; includeInIndex = 1; name = FlatSqueezeformerFP32.mlpackage; path = Resources/FlatSqueezeformerFP32.mlpackage; sourceTree = "<group>"; };
		2F76B12ED27458CAA240D77A /* features.bin */ = {isa = PBXFileReference; includeInIndex = 1; name = features.bin; path = Resources/features.bin; sourceTree = "<group>"; };
		422EE1093CAA44241CFD4F01 /* App.swift */ = {isa = PBXFileReference; includeInIndex = 1; lastKnownFileType = sourcecode.swift; path = App.swift; sourceTree = "<group>"; };
		43F8FAC5F93F54C8C707EDAA /* TransformerFP16.mlpackage */ = {isa = PBXFileReference; includeInIndex = 1; name = TransformerFP16.mlpackage; path = Resources/TransformerFP16.mlpackage; sourceTree = "<group>"; };
		6317C73B604BBC0D1D4297ED /* BenchTests.swift */ = {isa = PBXFileReference; includeInIndex = 1; lastKnownFileType = sourcecode.swift; path = BenchTests.swift; sourceTree = "<group>"; };
		66D4C41DAA776955A2C721B7 /* ClassifierBenchTests.xctest */ = {isa = PBXFileReference; explicitFileType = wrapper.cfbundle; includeInIndex = 0; path = ClassifierBenchTests.xctest; sourceTree = BUILT_PRODUCTS_DIR; };
		87FCDBF960E4CA2F911B2DFA /* FlatSqueezeformerFP16.mlpackage */ = {isa = PBXFileReference; includeInIndex = 1; name = FlatSqueezeformerFP16.mlpackage; path = Resources/FlatSqueezeformerFP16.mlpackage; sourceTree = "<group>"; };
		9BEB83DB15634EF8B5C64409 /* manifest.json */ = {isa = PBXFileReference; includeInIndex = 1; name = manifest.json; path = Resources/manifest.json; sourceTree = "<group>"; };
/* End PBXFileReference section */

/* Begin PBXFrameworksBuildPhase section */
		AF7D18CCD7BE5F5AD0CBC4AB /* Frameworks */ = {
			isa = PBXFrameworksBuildPhase;
			buildActionMask = 2147483647;
			files = (
				38121BB65F2BCA6D305ADA43 /* Foundation.framework in Frameworks */,
			);
			runOnlyForDeploymentPostprocessing = 0;
		};
		E8FB771303A6001DC7ACEB91 /* Frameworks */ = {
			isa = PBXFrameworksBuildPhase;
			buildActionMask = 2147483647;
			files = (
				997BE6D984A82DE7A0CEDD21 /* Foundation.framework in Frameworks */,
			);
			runOnlyForDeploymentPostprocessing = 0;
		};
/* End PBXFrameworksBuildPhase section */

/* Begin PBXGroup section */
		2A2FEED83C6FF2E174E39591 /* Products */ = {
			isa = PBXGroup;
			children = (
				140769FE08FEDC904667CC25 /* ClassifierBench.app */,
				66D4C41DAA776955A2C721B7 /* ClassifierBenchTests.xctest */,
			);
			name = Products;
			sourceTree = "<group>";
		};
		8250D6FA9D8E092A09E7A728 /* Frameworks */ = {
			isa = PBXGroup;
			children = (
				C14F549A4CF08B0FF4069BCF /* iOS */,
			);
			name = Frameworks;
			sourceTree = "<group>";
		};
		C14F549A4CF08B0FF4069BCF /* iOS */ = {
			isa = PBXGroup;
			children = (
				235FDDA4D230902D28D856EB /* Foundation.framework */,
			);
			name = iOS;
			sourceTree = "<group>";
		};
		EFD26AEE3FE0C249FD8776A5 = {
			isa = PBXGroup;
			children = (
				2A2FEED83C6FF2E174E39591 /* Products */,
				8250D6FA9D8E092A09E7A728 /* Frameworks */,
				422EE1093CAA44241CFD4F01 /* App.swift */,
				6317C73B604BBC0D1D4297ED /* BenchTests.swift */,
				87FCDBF960E4CA2F911B2DFA /* FlatSqueezeformerFP16.mlpackage */,
				2CCF287E7B87C808BFB52E0A /* FlatSqueezeformerFP32.mlpackage */,
				2AA28B238AA4A77CE991DE82 /* PartwiseSqueezeformerFP16.mlpackage */,
				0500284B145312D2CA6C055B /* PartwiseSqueezeformerFP32.mlpackage */,
				43F8FAC5F93F54C8C707EDAA /* TransformerFP16.mlpackage */,
				28E638A054404B170DD4DA13 /* TransformerFP32.mlpackage */,
				2F76B12ED27458CAA240D77A /* features.bin */,
				9BEB83DB15634EF8B5C64409 /* manifest.json */,
			);
			sourceTree = "<group>";
		};
/* End PBXGroup section */

/* Begin PBXNativeTarget section */
		62461CCA079248E259E90809 /* ClassifierBenchTests */ = {
			isa = PBXNativeTarget;
			buildConfigurationList = 53D3B99E676E099690BB6B8D /* Build configuration list for PBXNativeTarget "ClassifierBenchTests" */;
			buildPhases = (
				012D7C1990E3C78A35D4DFE5 /* Sources */,
				AF7D18CCD7BE5F5AD0CBC4AB /* Frameworks */,
				A878A6113E8B096912037D9B /* Resources */,
			);
			buildRules = (
			);
			dependencies = (
				E1C1B8A664D220899AFA3633 /* PBXTargetDependency */,
			);
			name = ClassifierBenchTests;
			productName = ClassifierBenchTests;
			productReference = 66D4C41DAA776955A2C721B7 /* ClassifierBenchTests.xctest */;
			productType = "com.apple.product-type.bundle.unit-test";
		};
		7C995C43AACFA77D62087941 /* ClassifierBench */ = {
			isa = PBXNativeTarget;
			buildConfigurationList = 1829B85C4FDCC4459D5429AE /* Build configuration list for PBXNativeTarget "ClassifierBench" */;
			buildPhases = (
				C7A875F454675341E2715002 /* Sources */,
				E8FB771303A6001DC7ACEB91 /* Frameworks */,
				66A403A1016D450EF042D025 /* Resources */,
			);
			buildRules = (
			);
			dependencies = (
			);
			name = ClassifierBench;
			productName = ClassifierBench;
			productReference = 140769FE08FEDC904667CC25 /* ClassifierBench.app */;
			productType = "com.apple.product-type.application";
		};
/* End PBXNativeTarget section */

/* Begin PBXProject section */
		5FF6BEACDBEACAC4C6CF064D /* Project object */ = {
			isa = PBXProject;
			attributes = {
				LastSwiftUpdateCheck = 1600;
				LastUpgradeCheck = 1600;
			};
			buildConfigurationList = 4214F30BC85264852C42DE17 /* Build configuration list for PBXProject "ClassifierBench" */;
			compatibilityVersion = "Xcode 3.2";
			developmentRegion = en;
			hasScannedForEncodings = 0;
			knownRegions = (
				en,
				Base,
			);
			mainGroup = EFD26AEE3FE0C249FD8776A5;
			minimizedProjectReferenceProxies = 0;
			preferredProjectObjectVersion = 77;
			productRefGroup = 2A2FEED83C6FF2E174E39591 /* Products */;
			projectDirPath = "";
			projectRoot = "";
			targets = (
				7C995C43AACFA77D62087941 /* ClassifierBench */,
				62461CCA079248E259E90809 /* ClassifierBenchTests */,
			);
		};
/* End PBXProject section */

/* Begin PBXResourcesBuildPhase section */
		66A403A1016D450EF042D025 /* Resources */ = {
			isa = PBXResourcesBuildPhase;
			buildActionMask = 2147483647;
			files = (
				E9FF1CB86B1CBA45890041EA /* features.bin in Resources */,
				140D772A2D5E0DAFD94FC891 /* manifest.json in Resources */,
			);
			runOnlyForDeploymentPostprocessing = 0;
		};
		A878A6113E8B096912037D9B /* Resources */ = {
			isa = PBXResourcesBuildPhase;
			buildActionMask = 2147483647;
			files = (
			);
			runOnlyForDeploymentPostprocessing = 0;
		};
/* End PBXResourcesBuildPhase section */

/* Begin PBXSourcesBuildPhase section */
		012D7C1990E3C78A35D4DFE5 /* Sources */ = {
			isa = PBXSourcesBuildPhase;
			buildActionMask = 2147483647;
			files = (
				AB4E4C8A390D550EED8F9480 /* BenchTests.swift in Sources */,
			);
			runOnlyForDeploymentPostprocessing = 0;
		};
		C7A875F454675341E2715002 /* Sources */ = {
			isa = PBXSourcesBuildPhase;
			buildActionMask = 2147483647;
			files = (
				5348BB682659F3E1941E1667 /* App.swift in Sources */,
				797B28934B03D5D667730E77 /* FlatSqueezeformerFP16.mlpackage in Sources */,
				473F6F0C5AE40261CB3685D3 /* FlatSqueezeformerFP32.mlpackage in Sources */,
				DF85E0BF5E88FA7ADC1A07AC /* PartwiseSqueezeformerFP16.mlpackage in Sources */,
				15A04B3040653C2DC3619ECD /* PartwiseSqueezeformerFP32.mlpackage in Sources */,
				D091F0C446E1DE0054B81438 /* TransformerFP16.mlpackage in Sources */,
				E949DD1F7F82E22A3136FC4D /* TransformerFP32.mlpackage in Sources */,
			);
			runOnlyForDeploymentPostprocessing = 0;
		};
/* End PBXSourcesBuildPhase section */

/* Begin PBXTargetDependency section */
		E1C1B8A664D220899AFA3633 /* PBXTargetDependency */ = {
			isa = PBXTargetDependency;
			name = ClassifierBench;
			target = 7C995C43AACFA77D62087941 /* ClassifierBench */;
			targetProxy = F3942DB1133415EAB20967C6 /* PBXContainerItemProxy */;
		};
/* End PBXTargetDependency section */

/* Begin XCBuildConfiguration section */
		7E7DFDBC41073D90B1231116 /* Release */ = {
			isa = XCBuildConfiguration;
			buildSettings = {
				ALWAYS_SEARCH_USER_PATHS = NO;
				CLANG_ANALYZER_NONNULL = YES;
				CLANG_ANALYZER_NUMBER_OBJECT_CONVERSION = YES_AGGRESSIVE;
				CLANG_CXX_LANGUAGE_STANDARD = "gnu++14";
				CLANG_CXX_LIBRARY = "libc++";
				CLANG_ENABLE_MODULES = YES;
				CLANG_ENABLE_OBJC_ARC = YES;
				CLANG_ENABLE_OBJC_WEAK = YES;
				CLANG_WARN_BLOCK_CAPTURE_AUTORELEASING = YES;
				CLANG_WARN_BOOL_CONVERSION = YES;
				CLANG_WARN_COMMA = YES;
				CLANG_WARN_CONSTANT_CONVERSION = YES;
				CLANG_WARN_DEPRECATED_OBJC_IMPLEMENTATIONS = YES;
				CLANG_WARN_DIRECT_OBJC_ISA_USAGE = YES_ERROR;
				CLANG_WARN_DOCUMENTATION_COMMENTS = YES;
				CLANG_WARN_EMPTY_BODY = YES;
				CLANG_WARN_ENUM_CONVERSION = YES;
				CLANG_WARN_INFINITE_RECURSION = YES;
				CLANG_WARN_INT_CONVERSION = YES;
				CLANG_WARN_NON_LITERAL_NULL_CONVERSION = YES;
				CLANG_WARN_OBJC_IMPLICIT_RETAIN_SELF = YES;
				CLANG_WARN_OBJC_LITERAL_CONVERSION = YES;
				CLANG_WARN_OBJC_ROOT_CLASS = YES_ERROR;
				CLANG_WARN_QUOTED_INCLUDE_IN_FRAMEWORK_HEADER = YES;
				CLANG_WARN_RANGE_LOOP_ANALYSIS = YES;
				CLANG_WARN_STRICT_PROTOTYPES = YES;
				CLANG_WARN_SUSPICIOUS_MOVE = YES;
				CLANG_WARN_UNGUARDED_AVAILABILITY = YES_AGGRESSIVE;
				CLANG_WARN_UNREACHABLE_CODE = YES;
				CLANG_WARN__DUPLICATE_METHOD_MATCH = YES;
				COPY_PHASE_STRIP = NO;
				DEBUG_INFORMATION_FORMAT = "dwarf-with-dsym";
				ENABLE_NS_ASSERTIONS = NO;
				ENABLE_STRICT_OBJC_MSGSEND = YES;
				GCC_C_LANGUAGE_STANDARD = gnu11;
				GCC_NO_COMMON_BLOCKS = YES;
				GCC_WARN_64_TO_32_BIT_CONVERSION = YES;
				GCC_WARN_ABOUT_RETURN_TYPE = YES_ERROR;
				GCC_WARN_UNDECLARED_SELECTOR = YES;
				GCC_WARN_UNINITIALIZED_AUTOS = YES_AGGRESSIVE;
				GCC_WARN_UNUSED_FUNCTION = YES;
				GCC_WARN_UNUSED_VARIABLE = YES;
				MTL_ENABLE_DEBUG_INFO = NO;
				MTL_FAST_MATH = YES;
				PRODUCT_NAME = "$(TARGET_NAME)";
				SWIFT_COMPILATION_MODE = wholemodule;
				SWIFT_OPTIMIZATION_LEVEL = "-O";
				SWIFT_VERSION = 5.0;
			};
			name = Release;
		};
		80B2AFB47E0E11407C13AC64 /* Release */ = {
			isa = XCBuildConfiguration;
			buildSettings = {
				BUNDLE_LOADER = "$(TEST_HOST)";
				CLANG_ENABLE_OBJC_WEAK = NO;
				CODE_SIGN_STYLE = Automatic;
				DEVELOPMENT_TEAM = 2BJ6GHCUJ2;
				GENERATE_INFOPLIST_FILE = YES;
				IPHONEOS_DEPLOYMENT_TARGET = 15.0;
				PRODUCT_BUNDLE_IDENTIFIER = com.kokoab.atlasClassifierBench.tests;
				SDKROOT = iphoneos;
				SWIFT_VERSION = 5.0;
				TARGETED_DEVICE_FAMILY = 1;
				TEST_HOST = "$(BUILT_PRODUCTS_DIR)/ClassifierBench.app/ClassifierBench";
				VALIDATE_PRODUCT = YES;
			};
			name = Release;
		};
		9F339C5AC4783B2E79BAC255 /* Release */ = {
			isa = XCBuildConfiguration;
			buildSettings = {
				ASSETCATALOG_COMPILER_APPICON_NAME = AppIcon;
				ASSETCATALOG_COMPILER_GLOBAL_ACCENT_COLOR_NAME = AccentColor;
				CLANG_ENABLE_OBJC_WEAK = NO;
				CODE_SIGN_STYLE = Automatic;
				DEVELOPMENT_TEAM = 2BJ6GHCUJ2;
				GENERATE_INFOPLIST_FILE = YES;
				INFOPLIST_KEY_CFBundleDisplayName = "ATLAS Bench";
				INFOPLIST_KEY_UILaunchScreen_Generation = YES;
				IPHONEOS_DEPLOYMENT_TARGET = 15.0;
				LD_RUNPATH_SEARCH_PATHS = "$(inherited) @executable_path/Frameworks";
				PRODUCT_BUNDLE_IDENTIFIER = com.kokoab.atlasClassifierBench;
				SDKROOT = iphoneos;
				SWIFT_VERSION = 5.0;
				TARGETED_DEVICE_FAMILY = 1;
				VALIDATE_PRODUCT = YES;
			};
			name = Release;
		};
		D7D2DB963B605C691F49FC77 /* Debug */ = {
			isa = XCBuildConfiguration;
			buildSettings = {
				ASSETCATALOG_COMPILER_APPICON_NAME = AppIcon;
				ASSETCATALOG_COMPILER_GLOBAL_ACCENT_COLOR_NAME = AccentColor;
				CLANG_ENABLE_OBJC_WEAK = NO;
				CODE_SIGN_STYLE = Automatic;
				DEVELOPMENT_TEAM = 2BJ6GHCUJ2;
				GENERATE_INFOPLIST_FILE = YES;
				INFOPLIST_KEY_CFBundleDisplayName = "ATLAS Bench";
				INFOPLIST_KEY_UILaunchScreen_Generation = YES;
				IPHONEOS_DEPLOYMENT_TARGET = 15.0;
				LD_RUNPATH_SEARCH_PATHS = "$(inherited) @executable_path/Frameworks";
				PRODUCT_BUNDLE_IDENTIFIER = com.kokoab.atlasClassifierBench;
				SDKROOT = iphoneos;
				SWIFT_VERSION = 5.0;
				TARGETED_DEVICE_FAMILY = 1;
			};
			name = Debug;
		};
		D8A3EC7D158A63B719595F82 /* Debug */ = {
			isa = XCBuildConfiguration;
			buildSettings = {
				BUNDLE_LOADER = "$(TEST_HOST)";
				CLANG_ENABLE_OBJC_WEAK = NO;
				CODE_SIGN_STYLE = Automatic;
				DEVELOPMENT_TEAM = 2BJ6GHCUJ2;
				GENERATE_INFOPLIST_FILE = YES;
				IPHONEOS_DEPLOYMENT_TARGET = 15.0;
				PRODUCT_BUNDLE_IDENTIFIER = com.kokoab.atlasClassifierBench.tests;
				SDKROOT = iphoneos;
				SWIFT_VERSION = 5.0;
				TARGETED_DEVICE_FAMILY = 1;
				TEST_HOST = "$(BUILT_PRODUCTS_DIR)/ClassifierBench.app/ClassifierBench";
			};
			name = Debug;
		};
		F33CD861E666A32CCC5DFDD0 /* Debug */ = {
			isa = XCBuildConfiguration;
			buildSettings = {
				ALWAYS_SEARCH_USER_PATHS = NO;
				CLANG_ANALYZER_NONNULL = YES;
				CLANG_ANALYZER_NUMBER_OBJECT_CONVERSION = YES_AGGRESSIVE;
				CLANG_CXX_LANGUAGE_STANDARD = "gnu++14";
				CLANG_CXX_LIBRARY = "libc++";
				CLANG_ENABLE_MODULES = YES;
				CLANG_ENABLE_OBJC_ARC = YES;
				CLANG_ENABLE_OBJC_WEAK = YES;
				CLANG_WARN_BLOCK_CAPTURE_AUTORELEASING = YES;
				CLANG_WARN_BOOL_CONVERSION = YES;
				CLANG_WARN_COMMA = YES;
				CLANG_WARN_CONSTANT_CONVERSION = YES;
				CLANG_WARN_DEPRECATED_OBJC_IMPLEMENTATIONS = YES;
				CLANG_WARN_DIRECT_OBJC_ISA_USAGE = YES_ERROR;
				CLANG_WARN_DOCUMENTATION_COMMENTS = YES;
				CLANG_WARN_EMPTY_BODY = YES;
				CLANG_WARN_ENUM_CONVERSION = YES;
				CLANG_WARN_INFINITE_RECURSION = YES;
				CLANG_WARN_INT_CONVERSION = YES;
				CLANG_WARN_NON_LITERAL_NULL_CONVERSION = YES;
				CLANG_WARN_OBJC_IMPLICIT_RETAIN_SELF = YES;
				CLANG_WARN_OBJC_LITERAL_CONVERSION = YES;
				CLANG_WARN_OBJC_ROOT_CLASS = YES_ERROR;
				CLANG_WARN_QUOTED_INCLUDE_IN_FRAMEWORK_HEADER = YES;
				CLANG_WARN_RANGE_LOOP_ANALYSIS = YES;
				CLANG_WARN_STRICT_PROTOTYPES = YES;
				CLANG_WARN_SUSPICIOUS_MOVE = YES;
				CLANG_WARN_UNGUARDED_AVAILABILITY = YES_AGGRESSIVE;
				CLANG_WARN_UNREACHABLE_CODE = YES;
				CLANG_WARN__DUPLICATE_METHOD_MATCH = YES;
				COPY_PHASE_STRIP = NO;
				DEBUG_INFORMATION_FORMAT = dwarf;
				ENABLE_STRICT_OBJC_MSGSEND = YES;
				ENABLE_TESTABILITY = YES;
				GCC_C_LANGUAGE_STANDARD = gnu11;
				GCC_DYNAMIC_NO_PIC = NO;
				GCC_NO_COMMON_BLOCKS = YES;
				GCC_OPTIMIZATION_LEVEL = 0;
				GCC_PREPROCESSOR_DEFINITIONS = (
					"DEBUG=1",
					"$(inherited)",
				);
				GCC_WARN_64_TO_32_BIT_CONVERSION = YES;
				GCC_WARN_ABOUT_RETURN_TYPE = YES_ERROR;
				GCC_WARN_UNDECLARED_SELECTOR = YES;
				GCC_WARN_UNINITIALIZED_AUTOS = YES_AGGRESSIVE;
				GCC_WARN_UNUSED_FUNCTION = YES;
				GCC_WARN_UNUSED_VARIABLE = YES;
				MTL_ENABLE_DEBUG_INFO = INCLUDE_SOURCE;
				MTL_FAST_MATH = YES;
				ONLY_ACTIVE_ARCH = YES;
				PRODUCT_NAME = "$(TARGET_NAME)";
				SWIFT_ACTIVE_COMPILATION_CONDITIONS = DEBUG;
				SWIFT_OPTIMIZATION_LEVEL = "-Onone";
				SWIFT_VERSION = 5.0;
			};
			name = Debug;
		};
/* End XCBuildConfiguration section */

/* Begin XCConfigurationList section */
		1829B85C4FDCC4459D5429AE /* Build configuration list for PBXNativeTarget "ClassifierBench" */ = {
			isa = XCConfigurationList;
			buildConfigurations = (
				9F339C5AC4783B2E79BAC255 /* Release */,
				D7D2DB963B605C691F49FC77 /* Debug */,
			);
			defaultConfigurationIsVisible = 0;
			defaultConfigurationName = Release;
		};
		4214F30BC85264852C42DE17 /* Build configuration list for PBXProject "ClassifierBench" */ = {
			isa = XCConfigurationList;
			buildConfigurations = (
				F33CD861E666A32CCC5DFDD0 /* Debug */,
				7E7DFDBC41073D90B1231116 /* Release */,
			);
			defaultConfigurationIsVisible = 0;
			defaultConfigurationName = Release;
		};
		53D3B99E676E099690BB6B8D /* Build configuration list for PBXNativeTarget "ClassifierBenchTests" */ = {
			isa = XCConfigurationList;
			buildConfigurations = (
				80B2AFB47E0E11407C13AC64 /* Release */,
				D8A3EC7D158A63B719595F82 /* Debug */,
			);
			defaultConfigurationIsVisible = 0;
			defaultConfigurationName = Release;
		};
/* End XCConfigurationList section */
	};
	rootObject = 5FF6BEACDBEACAC4C6CF064D /* Project object */;
}
